// !$*UTF8*$!
{
	archiveVersion = 1;
	classes = {
	};
	objectVersion = 52;
	objects = {

/* Begin PBXBuildFile section */
		0C2BBDE723446AAA0031CAF2 /* AppDelegate.swift in Sources */ = {isa = PBXBuildFile; fileRef = 0C2BBDE623446AAA0031CAF2 /* AppDelegate.swift */; };
		0C2BBDEE23446AAA0031CAF2 /* Main.storyboard in Resources */ = {isa = PBXBuildFile; fileRef = 0C2BBDEC23446AAA0031CAF2 /* Main.storyboard */; };
		0C2BBDF023446AAB0031CAF2 /* Assets.xcassets in Resources */ = {isa = PBXBuildFile; fileRef = 0C2BBDEF23446AAB0031CAF2 /* Assets.xcassets */; };
		0C2BBDF323446AAB0031CAF2 /* LaunchScreen.storyboard in Resources */ = {isa = PBXBuildFile; fileRef = 0C2BBDF123446AAB0031CAF2 /* LaunchScreen.storyboard */; };
		0C2BBDFE23446B1A0031CAF2 /* CityListViewController.swift in Sources */ = {isa = PBXBuildFile; fileRef = 0C2BBDFD23446B1A0031CAF2 /* CityListViewController.swift */; };
		0C2BBE0023446B220031CAF2 /* CityListViewModel.swift in Sources */ = {isa = PBXBuildFile; fileRef = 0C2BBDFF23446B220031CAF2 /* CityListViewModel.swift */; };
		0C2BBE0223446B4D0031CAF2 /* CityInfoViewController.swift in Sources */ = {isa = PBXBuildFile; fileRef = 0C2BBE0123446B4D0031CAF2 /* CityInfoViewController.swift */; };
		0C2BBE0423446B880031CAF2 /* CityInfoViewModel.swift in Sources */ = {isa = PBXBuildFile; fileRef = 0C2BBE0323446B880031CAF2 /* CityInfoViewModel.swift */; };
		0C2BBE0723446BDD0031CAF2 /* APIManager.swift in Sources */ = {isa = PBXBuildFile; fileRef = 0C2BBE0623446BDD0031CAF2 /* APIManager.swift */; };
		0C2BBE0A23446C660031CAF2 /* Alamofire in Frameworks */ = {isa = PBXBuildFile; productRef = 0C2BBE0923446C660031CAF2 /* Alamofire */; };
		0C2BBE0D23446CC50031CAF2 /* Kingfisher in Frameworks */ = {isa = PBXBuildFile; productRef = 0C2BBE0C23446CC50031CAF2 /* Kingfisher */; };
		0C2BBE1123446D6B0031CAF2 /* City.swift in Sources */ = {isa = PBXBuildFile; fileRef = 0C2BBE1023446D6B0031CAF2 /* City.swift */; };
		0C2BBE1523446DB60031CAF2 /* CityTableViewCell.swift in Sources */ = {isa = PBXBuildFile; fileRef = 0C2BBE1323446DB60031CAF2 /* CityTableViewCell.swift */; };
		0C2BBE1623446DB60031CAF2 /* CityTableViewCell.xib in Resources */ = {isa = PBXBuildFile; fileRef = 0C2BBE1423446DB60031CAF2 /* CityTableViewCell.xib */; };
		0C2BBE1823446DC50031CAF2 /* CityTableViewCellModel.swift in Sources */ = {isa = PBXBuildFile; fileRef = 0C2BBE1723446DC50031CAF2 /* CityTableViewCellModel.swift */; };
		0C2BBE1A234476590031CAF2 /* PixabayCodable.swift in Sources */ = {isa = PBXBuildFile; fileRef = 0C2BBE19234476590031CAF2 /* PixabayCodable.swift */; };
		0C2BBE1C234476A00031CAF2 /* PixabayImageCodable.swift in Sources */ = {isa = PBXBuildFile; fileRef = 0C2BBE1B234476A00031CAF2 /* PixabayImageCodable.swift */; };
		0CB750CE2344A5000084A8FB /* OpenWeatherMapCodable.swift in Sources */ = {isa = PBXBuildFile; fileRef = 0CB750CD2344A5000084A8FB /* OpenWeatherMapCodable.swift */; };
		0CB750D02344A5860084A8FB /* OpenWeatherMapMainCodable.swift in Sources */ = {isa = PBXBuildFile; fileRef = 0CB750CF2344A5860084A8FB /* OpenWeatherMapMainCodable.swift */; };
		0CB750D22344AAE50084A8FB /* DataManager.swift in Sources */ = {isa = PBXBuildFile; fileRef = 0CB750D12344AAE50084A8FB /* DataManager.swift */; };
		0CCADA402344F329002B1193 /* Bagel in Frameworks */ = {isa = PBXBuildFile; productRef = 0CCADA3F2344F329002B1193 /* Bagel */; };
/* End PBXBuildFile section */

/* Begin PBXFileReference section */
		0C2BBDE323446AAA0031CAF2 /* simple-weather.app */ = {isa = PBXFileReference; explicitFileType = wrapper.application; includeInIndex = 0; path = "simple-weather.app"; sourceTree = BUILT_PRODUCTS_DIR; };
		0C2BBDE623446AAA0031CAF2 /* AppDelegate.swift */ = {isa = PBXFileReference; lastKnownFileType = sourcecode.swift; path = AppDelegate.swift; sourceTree = "<group>"; };
		0C2BBDED23446AAA0031CAF2 /* Base */ = {isa = PBXFileReference; lastKnownFileType = file.storyboard; name = Base; path = Base.lproj/Main.storyboard; sourceTree = "<group>"; };
		0C2BBDEF23446AAB0031CAF2 /* Assets.xcassets */ = {isa = PBXFileReference; lastKnownFileType = folder.assetcatalog; path = Assets.xcassets; sourceTree = "<group>"; };
		0C2BBDF223446AAB0031CAF2 /* Base */ = {isa = PBXFileReference; lastKnownFileType = file.storyboard; name = Base; path = Base.lproj/LaunchScreen.storyboard; sourceTree = "<group>"; };
		0C2BBDF423446AAB0031CAF2 /* Info.plist */ = {isa = PBXFileReference; lastKnownFileType = text.plist.xml; path = Info.plist; sourceTree = "<group>"; };
		0C2BBDFD23446B1A0031CAF2 /* CityListViewController.swift */ = {isa = PBXFileReference; lastKnownFileType = sourcecode.swift; path = CityListViewController.swift; sourceTree = "<group>"; };
		0C2BBDFF23446B220031CAF2 /* CityListViewModel.swift */ = {isa = PBXFileReference; lastKnownFileType = sourcecode.swift; path = CityListViewModel.swift; sourceTree = "<group>"; };
		0C2BBE0123446B4D0031CAF2 /* CityInfoViewController.swift */ = {isa = PBXFileReference; lastKnownFileType = sourcecode.swift; path = CityInfoViewController.swift; sourceTree = "<group>"; };
		0C2BBE0323446B880031CAF2 /* CityInfoViewModel.swift */ = {isa = PBXFileReference; lastKnownFileType = sourcecode.swift; path = CityInfoViewModel.swift; sourceTree = "<group>"; };
		0C2BBE0623446BDD0031CAF2 /* APIManager.swift */ = {isa = PBXFileReference; lastKnownFileType = sourcecode.swift; path = APIManager.swift; sourceTree = "<group>"; };
		0C2BBE1023446D6B0031CAF2 /* City.swift */ = {isa = PBXFileReference; lastKnownFileType = sourcecode.swift; path = City.swift; sourceTree = "<group>"; };
		0C2BBE1323446DB60031CAF2 /* CityTableViewCell.swift */ = {isa = PBXFileReference; lastKnownFileType = sourcecode.swift; path = CityTableViewCell.swift; sourceTree = "<group>"; };
		0C2BBE1423446DB60031CAF2 /* CityTableViewCell.xib */ = {isa = PBXFileReference; lastKnownFileType = file.xib; path = CityTableViewCell.xib; sourceTree = "<group>"; };
		0C2BBE1723446DC50031CAF2 /* CityTableViewCellModel.swift */ = {isa = PBXFileReference; lastKnownFileType = sourcecode.swift; path = CityTableViewCellModel.swift; sourceTree = "<group>"; };
		0C2BBE19234476590031CAF2 /* PixabayCodable.swift */ = {isa = PBXFileReference; lastKnownFileType = sourcecode.swift; path = PixabayCodable.swift; sourceTree = "<group>"; };
		0C2BBE1B234476A00031CAF2 /* PixabayImageCodable.swift */ = {isa = PBXFileReference; lastKnownFileType = sourcecode.swift; path = PixabayImageCodable.swift; sourceTree = "<group>"; };
		0CB750CD2344A5000084A8FB /* OpenWeatherMapCodable.swift */ = {isa = PBXFileReference; lastKnownFileType = sourcecode.swift; path = OpenWeatherMapCodable.swift; sourceTree = "<group>"; };
		0CB750CF2344A5860084A8FB /* OpenWeatherMapMainCodable.swift */ = {isa = PBXFileReference; lastKnownFileType = sourcecode.swift; path = OpenWeatherMapMainCodable.swift; sourceTree = "<group>"; };
		0CB750D12344AAE50084A8FB /* DataManager.swift */ = {isa = PBXFileReference; lastKnownFileType = sourcecode.swift; path = DataManager.swift; sourceTree = "<group>"; };
/* End PBXFileReference section */

/* Begin PBXFrameworksBuildPhase section */
		0C2BBDE023446AAA0031CAF2 /* Frameworks */ = {
			isa = PBXFrameworksBuildPhase;
			buildActionMask = 2147483647;
			files = (
				0CCADA402344F329002B1193 /* Bagel in Frameworks */,
				0C2BBE0D23446CC50031CAF2 /* Kingfisher in Frameworks */,
				0C2BBE0A23446C660031CAF2 /* Alamofire in Frameworks */,
			);
			runOnlyForDeploymentPostprocessing = 0;
		};
/* End PBXFrameworksBuildPhase section */

/* Begin PBXGroup section */
		0C2BBDDA23446AAA0031CAF2 = {
			isa = PBXGroup;
			children = (
				0C2BBDE523446AAA0031CAF2 /* simple-weather */,
				0C2BBDE423446AAA0031CAF2 /* Products */,
			);
			sourceTree = "<group>";
		};
		0C2BBDE423446AAA0031CAF2 /* Products */ = {
			isa = PBXGroup;
			children = (
				0C2BBDE323446AAA0031CAF2 /* simple-weather.app */,
			);
			name = Products;
			sourceTree = "<group>";
		};
		0C2BBDE523446AAA0031CAF2 /* simple-weather */ = {
			isa = PBXGroup;
			children = (
				0C2BBDE623446AAA0031CAF2 /* AppDelegate.swift */,
				0C2BBDEC23446AAA0031CAF2 /* Main.storyboard */,
				0C2BBDFA23446AF80031CAF2 /* ViewControllers */,
				0C2BBE0E23446D510031CAF2 /* Views */,
				0C2BBE0F23446D5C0031CAF2 /* Models */,
				0C2BBE0523446BCF0031CAF2 /* Managers */,
				0C2BBDEF23446AAB0031CAF2 /* Assets.xcassets */,
				0C2BBDF123446AAB0031CAF2 /* LaunchScreen.storyboard */,
				0C2BBDF423446AAB0031CAF2 /* Info.plist */,
			);
			path = "simple-weather";
			sourceTree = "<group>";
		};
		0C2BBDFA23446AF80031CAF2 /* ViewControllers */ = {
			isa = PBXGroup;
			children = (
				0C2BBDFB23446AFE0031CAF2 /* CityListViewController */,
				0C2BBDFC23446B090031CAF2 /* CityInfoViewController */,
			);
			path = ViewControllers;
			sourceTree = "<group>";
		};
		0C2BBDFB23446AFE0031CAF2 /* CityListViewController */ = {
			isa = PBXGroup;
			children = (
				0C2BBDFD23446B1A0031CAF2 /* CityListViewController.swift */,
				0C2BBDFF23446B220031CAF2 /* CityListViewModel.swift */,
			);
			path = CityListViewController;
			sourceTree = "<group>";
		};
		0C2BBDFC23446B090031CAF2 /* CityInfoViewController */ = {
			isa = PBXGroup;
			children = (
				0C2BBE0123446B4D0031CAF2 /* CityInfoViewController.swift */,
				0C2BBE0323446B880031CAF2 /* CityInfoViewModel.swift */,
			);
			path = CityInfoViewController;
			sourceTree = "<group>";
		};
		0C2BBE0523446BCF0031CAF2 /* Managers */ = {
			isa = PBXGroup;
			children = (
				0C2BBE0623446BDD0031CAF2 /* APIManager.swift */,
				0CB750D12344AAE50084A8FB /* DataManager.swift */,
			);
			path = Managers;
			sourceTree = "<group>";
		};
		0C2BBE0E23446D510031CAF2 /* Views */ = {
			isa = PBXGroup;
			children = (
				0C2BBE1223446DA10031CAF2 /* CityTableViewCell */,
			);
			path = Views;
			sourceTree = "<group>";
		};
		0C2BBE0F23446D5C0031CAF2 /* Models */ = {
			isa = PBXGroup;
			children = (
				0C2BBE1023446D6B0031CAF2 /* City.swift */,
				0CB750CC2344A1AE0084A8FB /* Codable */,
			);
			path = Models;
			sourceTree = "<group>";
		};
		0C2BBE1223446DA10031CAF2 /* CityTableViewCell */ = {
			isa = PBXGroup;
			children = (
				0C2BBE1423446DB60031CAF2 /* CityTableViewCell.xib */,
				0C2BBE1323446DB60031CAF2 /* CityTableViewCell.swift */,
				0C2BBE1723446DC50031CAF2 /* CityTableViewCellModel.swift */,
			);
			path = CityTableViewCell;
			sourceTree = "<group>";
		};
		0CB750CC2344A1AE0084A8FB /* Codable */ = {
			isa = PBXGroup;
			children = (
				0C2BBE19234476590031CAF2 /* PixabayCodable.swift */,
				0C2BBE1B234476A00031CAF2 /* PixabayImageCodable.swift */,
				0CB750CD2344A5000084A8FB /* OpenWeatherMapCodable.swift */,
				0CB750CF2344A5860084A8FB /* OpenWeatherMapMainCodable.swift */,
			);
			path = Codable;
			sourceTree = "<group>";
		};
/* End PBXGroup section */

/* Begin PBXNativeTarget section */
		0C2BBDE223446AAA0031CAF2 /* simple-weather */ = {
			isa = PBXNativeTarget;
			buildConfigurationList = 0C2BBDF723446AAB0031CAF2 /* Build configuration list for PBXNativeTarget "simple-weather" */;
			buildPhases = (
				0C2BBDDF23446AAA0031CAF2 /* Sources */,
				0C2BBDE023446AAA0031CAF2 /* Frameworks */,
				0C2BBDE123446AAA0031CAF2 /* Resources */,
			);
			buildRules = (
			);
			dependencies = (
			);
			name = "simple-weather";
			packageProductDependencies = (
				0C2BBE0923446C660031CAF2 /* Alamofire */,
				0C2BBE0C23446CC50031CAF2 /* Kingfisher */,
				0CCADA3F2344F329002B1193 /* Bagel */,
			);
			productName = "simple-weather";
			productReference = 0C2BBDE323446AAA0031CAF2 /* simple-weather.app */;
			productType = "com.apple.product-type.application";
		};
/* End PBXNativeTarget section */

/* Begin PBXProject section */
		0C2BBDDB23446AAA0031CAF2 /* Project object */ = {
			isa = PBXProject;
			attributes = {
				LastSwiftUpdateCheck = 1100;
				LastUpgradeCheck = 1100;
				ORGANIZATIONNAME = MSKR;
				TargetAttributes = {
					0C2BBDE223446AAA0031CAF2 = {
						CreatedOnToolsVersion = 11.0;
					};
				};
			};
			buildConfigurationList = 0C2BBDDE23446AAA0031CAF2 /* Build configuration list for PBXProject "simple-weather" */;
			compatibilityVersion = "Xcode 9.3";
			developmentRegion = en;
			hasScannedForEncodings = 0;
			knownRegions = (
				en,
				Base,
			);
			mainGroup = 0C2BBDDA23446AAA0031CAF2;
			packageReferences = (
				0C2BBE0823446C660031CAF2 /* XCRemoteSwiftPackageReference "Alamofire" */,
				0C2BBE0B23446CC50031CAF2 /* XCRemoteSwiftPackageReference "Kingfisher" */,
				0CCADA3E2344F329002B1193 /* XCRemoteSwiftPackageReference "Bagel" */,
			);
			productRefGroup = 0C2BBDE423446AAA0031CAF2 /* Products */;
			projectDirPath = "";
			projectRoot = "";
			targets = (
				0C2BBDE223446AAA0031CAF2 /* simple-weather */,
			);
		};
/* End PBXProject section */

/* Begin PBXResourcesBuildPhase section */
		0C2BBDE123446AAA0031CAF2 /* Resources */ = {
			isa = PBXResourcesBuildPhase;
			buildActionMask = 2147483647;
			files = (
				0C2BBDF323446AAB0031CAF2 /* LaunchScreen.storyboard in Resources */,
				0C2BBDF023446AAB0031CAF2 /* Assets.xcassets in Resources */,
				0C2BBE1623446DB60031CAF2 /* CityTableViewCell.xib in Resources */,
				0C2BBDEE23446AAA0031CAF2 /* Main.storyboard in Resources */,
			);
			runOnlyForDeploymentPostprocessing = 0;
		};
/* End PBXResourcesBuildPhase section */

/* Begin PBXSourcesBuildPhase section */
		0C2BBDDF23446AAA0031CAF2 /* Sources */ = {
			isa = PBXSourcesBuildPhase;
			buildActionMask = 2147483647;
			files = (
				0C2BBE0723446BDD0031CAF2 /* APIManager.swift in Sources */,
				0C2BBE0423446B880031CAF2 /* CityInfoViewModel.swift in Sources */,
				0C2BBE0023446B220031CAF2 /* CityListViewModel.swift in Sources */,
				0CB750D22344AAE50084A8FB /* DataManager.swift in Sources */,
				0C2BBE1823446DC50031CAF2 /* CityTableViewCellModel.swift in Sources */,
				0CB750CE2344A5000084A8FB /* OpenWeatherMapCodable.swift in Sources */,
				0C2BBDE723446AAA0031CAF2 /* AppDelegate.swift in Sources */,
				0C2BBE1C234476A00031CAF2 /* PixabayImageCodable.swift in Sources */,
				0C2BBDFE23446B1A0031CAF2 /* CityListViewController.swift in Sources */,
				0C2BBE0223446B4D0031CAF2 /* CityInfoViewController.swift in Sources */,
				0C2BBE1523446DB60031CAF2 /* CityTableViewCell.swift in Sources */,
				0CB750D02344A5860084A8FB /* OpenWeatherMapMainCodable.swift in Sources */,
				0C2BBE1A234476590031CAF2 /* PixabayCodable.swift in Sources */,
				0C2BBE1123446D6B0031CAF2 /* City.swift in Sources */,
			);
			runOnlyForDeploymentPostprocessing = 0;
		};
/* End PBXSourcesBuildPhase section */

/* Begin PBXVariantGroup section */
		0C2BBDEC23446AAA0031CAF2 /* Main.storyboard */ = {
			isa = PBXVariantGroup;
			children = (
				0C2BBDED23446AAA0031CAF2 /* Base */,
			);
			name = Main.storyboard;
			sourceTree = "<group>";
		};
		0C2BBDF123446AAB0031CAF2 /* LaunchScreen.storyboard */ = {
			isa = PBXVariantGroup;
			children = (
				0C2BBDF223446AAB0031CAF2 /* Base */,
			);
			name = LaunchScreen.storyboard;
			sourceTree = "<group>";
		};
/* End PBXVariantGroup section */

/* Begin XCBuildConfiguration section */
		0C2BBDF523446AAB0031CAF2 /* Debug */ = {
			isa = XCBuildConfiguration;
			buildSettings = {
				ALWAYS_SEARCH_USER_PATHS = NO;
				CLANG_ANALYZER_NONNULL = YES;
				CLANG_ANALYZER_NUMBER_OBJECT_CONVERSION = YES_AGGRESSIVE;
				CLANG_CXX_LANGUAGE_STANDARD = "gnu++14";
				CLANG_CXX_LIBRARY = "libc++";
				CLANG_ENABLE_MODULES = YES;
				CLANG_ENABLE_OBJC_ARC = YES;
				CLANG_ENABLE_OBJC_WEAK = YES;
				CLANG_WARN_BLOCK_CAPTURE_AUTORELEASING = YES;
				CLANG_WARN_BOOL_CONVERSION = YES;
				CLANG_WARN_COMMA = YES;
				CLANG_WARN_CONSTANT_CONVERSION = YES;
				CLANG_WARN_DEPRECATED_OBJC_IMPLEMENTATIONS = YES;
				CLANG_WARN_DIRECT_OBJC_ISA_USAGE = YES_ERROR;
				CLANG_WARN_DOCUMENTATION_COMMENTS = YES;
				CLANG_WARN_EMPTY_BODY = YES;
				CLANG_WARN_ENUM_CONVERSION = YES;
				CLANG_WARN_INFINITE_RECURSION = YES;
				CLANG_WARN_INT_CONVERSION = YES;
				CLANG_WARN_NON_LITERAL_NULL_CONVERSION = YES;
				CLANG_WARN_OBJC_IMPLICIT_RETAIN_SELF = YES;
				CLANG_WARN_OBJC_LITERAL_CONVERSION = YES;
				CLANG_WARN_OBJC_ROOT_CLASS = YES_ERROR;
				CLANG_WARN_RANGE_LOOP_ANALYSIS = YES;
				CLANG_WARN_STRICT_PROTOTYPES = YES;
				CLANG_WARN_SUSPICIOUS_MOVE = YES;
				CLANG_WARN_UNGUARDED_AVAILABILITY = YES_AGGRESSIVE;
				CLANG_WARN_UNREACHABLE_CODE = YES;
				CLANG_WARN__DUPLICATE_METHOD_MATCH = YES;
				COPY_PHASE_STRIP = NO;
				DEBUG_INFORMATION_FORMAT = dwarf;
				ENABLE_STRICT_OBJC_MSGSEND = YES;
				ENABLE_TESTABILITY = YES;
				GCC_C_LANGUAGE_STANDARD = gnu11;
				GCC_DYNAMIC_NO_PIC = NO;
				GCC_NO_COMMON_BLOCKS = YES;
				GCC_OPTIMIZATION_LEVEL = 0;
				GCC_PREPROCESSOR_DEFINITIONS = (
					"DEBUG=1",
					"$(inherited)",
				);
				GCC_WARN_64_TO_32_BIT_CONVERSION = YES;
				GCC_WARN_ABOUT_RETURN_TYPE = YES_ERROR;
				GCC_WARN_UNDECLARED_SELECTOR = YES;
				GCC_WARN_UNINITIALIZED_AUTOS = YES_AGGRESSIVE;
				GCC_WARN_UNUSED_FUNCTION = YES;
				GCC_WARN_UNUSED_VARIABLE = YES;
				IPHONEOS_DEPLOYMENT_TARGET = 13.0;
				MTL_ENABLE_DEBUG_INFO = INCLUDE_SOURCE;
				MTL_FAST_MATH = YES;
				ONLY_ACTIVE_ARCH = YES;
				SDKROOT = iphoneos;
				SWIFT_ACTIVE_COMPILATION_CONDITIONS = DEBUG;
				SWIFT_OPTIMIZATION_LEVEL = "-Onone";
			};
			name = Debug;
		};
		0C2BBDF623446AAB0031CAF2 /* Release */ = {
			isa = XCBuildConfiguration;
			buildSettings = {
				ALWAYS_SEARCH_USER_PATHS = NO;
				CLANG_ANALYZER_NONNULL = YES;
				CLANG_ANALYZER_NUMBER_OBJECT_CONVERSION = YES_AGGRESSIVE;
				CLANG_CXX_LANGUAGE_STANDARD = "gnu++14";
				CLANG_CXX_LIBRARY = "libc++";
				CLANG_ENABLE_MODULES = YES;
				CLANG_ENABLE_OBJC_ARC = YES;
				CLANG_ENABLE_OBJC_WEAK = YES;
				CLANG_WARN_BLOCK_CAPTURE_AUTORELEASING = YES;
				CLANG_WARN_BOOL_CONVERSION = YES;
				CLANG_WARN_COMMA = YES;
				CLANG_WARN_CONSTANT_CONVERSION = YES;
				CLANG_WARN_DEPRECATED_OBJC_IMPLEMENTATIONS = YES;
				CLANG_WARN_DIRECT_OBJC_ISA_USAGE = YES_ERROR;
				CLANG_WARN_DOCUMENTATION_COMMENTS = YES;
				CLANG_WARN_EMPTY_BODY = YES;
				CLANG_WARN_ENUM_CONVERSION = YES;
				CLANG_WARN_INFINITE_RECURSION = YES;
				CLANG_WARN_INT_CONVERSION = YES;
				CLANG_WARN_NON_LITERAL_NULL_CONVERSION = YES;
				CLANG_WARN_OBJC_IMPLICIT_RETAIN_SELF = YES;
				CLANG_WARN_OBJC_LITERAL_CONVERSION = YES;
				CLANG_WARN_OBJC_ROOT_CLASS = YES_ERROR;
				CLANG_WARN_RANGE_LOOP_ANALYSIS = YES;
				CLANG_WARN_STRICT_PROTOTYPES = YES;
				CLANG_WARN_SUSPICIOUS_MOVE = YES;
				CLANG_WARN_UNGUARDED_AVAILABILITY = YES_AGGRESSIVE;
				CLANG_WARN_UNREACHABLE_CODE = YES;
				CLANG_WARN__DUPLICATE_METHOD_MATCH = YES;
				COPY_PHASE_STRIP = NO;
				DEBUG_INFORMATION_FORMAT = "dwarf-with-dsym";
				ENABLE_NS_ASSERTIONS = NO;
				ENABLE_STRICT_OBJC_MSGSEND = YES;
				GCC_C_LANGUAGE_STANDARD = gnu11;
				GCC_NO_COMMON_BLOCKS = YES;
				GCC_WARN_64_TO_32_BIT_CONVERSION = YES;
				GCC_WARN_ABOUT_RETURN_TYPE = YES_ERROR;
				GCC_WARN_UNDECLARED_SELECTOR = YES;
				GCC_WARN_UNINITIALIZED_AUTOS = YES_AGGRESSIVE;
				GCC_WARN_UNUSED_FUNCTION = YES;
				GCC_WARN_UNUSED_VARIABLE = YES;
				IPHONEOS_DEPLOYMENT_TARGET = 13.0;
				MTL_ENABLE_DEBUG_INFO = NO;
				MTL_FAST_MATH = YES;
				SDKROOT = iphoneos;
				SWIFT_COMPILATION_MODE = wholemodule;
				SWIFT_OPTIMIZATION_LEVEL = "-O";
				VALIDATE_PRODUCT = YES;
			};
			name = Release;
		};
		0C2BBDF823446AAB0031CAF2 /* Debug */ = {
			isa = XCBuildConfiguration;
			buildSettings = {
				ASSETCATALOG_COMPILER_APPICON_NAME = AppIcon;
				CODE_SIGN_STYLE = Automatic;
				DEVELOPMENT_TEAM = GCD2MCUEP4;
				INFOPLIST_FILE = "simple-weather/Info.plist";
				LD_RUNPATH_SEARCH_PATHS = (
					"$(inherited)",
					"@executable_path/Frameworks",
				);
				PRODUCT_BUNDLE_IDENTIFIER = "ru.mskr.simple-weather";
				PRODUCT_NAME = "$(TARGET_NAME)";
				SWIFT_VERSION = 5.0;
				TARGETED_DEVICE_FAMILY = "1,2";
			};
			name = Debug;
		};
		0C2BBDF923446AAB0031CAF2 /* Release */ = {
			isa = XCBuildConfiguration;
			buildSettings = {
				ASSETCATALOG_COMPILER_APPICON_NAME = AppIcon;
				CODE_SIGN_STYLE = Automatic;
				DEVELOPMENT_TEAM = GCD2MCUEP4;
				INFOPLIST_FILE = "simple-weather/Info.plist";
				LD_RUNPATH_SEARCH_PATHS = (
					"$(inherited)",
					"@executable_path/Frameworks",
				);
				PRODUCT_BUNDLE_IDENTIFIER = "ru.mskr.simple-weather";
				PRODUCT_NAME = "$(TARGET_NAME)";
				SWIFT_VERSION = 5.0;
				TARGETED_DEVICE_FAMILY = "1,2";
			};
			name = Release;
		};
/* End XCBuildConfiguration section */

/* Begin XCConfigurationList section */
		0C2BBDDE23446AAA0031CAF2 /* Build configuration list for PBXProject "simple-weather" */ = {
			isa = XCConfigurationList;
			buildConfigurations = (
				0C2BBDF523446AAB0031CAF2 /* Debug */,
				0C2BBDF623446AAB0031CAF2 /* Release */,
			);
			defaultConfigurationIsVisible = 0;
			defaultConfigurationName = Release;
		};
		0C2BBDF723446AAB0031CAF2 /* Build configuration list for PBXNativeTarget "simple-weather" */ = {
			isa = XCConfigurationList;
			buildConfigurations = (
				0C2BBDF823446AAB0031CAF2 /* Debug */,
				0C2BBDF923446AAB0031CAF2 /* Release */,
			);
			defaultConfigurationIsVisible = 0;
			defaultConfigurationName = Release;
		};
/* End XCConfigurationList section */

/* Begin XCRemoteSwiftPackageReference section */
		0C2BBE0823446C660031CAF2 /* XCRemoteSwiftPackageReference "Alamofire" */ = {
			isa = XCRemoteSwiftPackageReference;
			repositoryURL = "https://github.com/Alamofire/Alamofire.git";
			requirement = {
				kind = upToNextMajorVersion;
				minimumVersion = "5.0.0-rc.2";
			};
		};
		0C2BBE0B23446CC50031CAF2 /* XCRemoteSwiftPackageReference "Kingfisher" */ = {
			isa = XCRemoteSwiftPackageReference;
			repositoryURL = "https://github.com/onevcat/Kingfisher.git";
			requirement = {
				kind = upToNextMajorVersion;
				minimumVersion = 5.8.1;
			};
		};
		0CCADA3E2344F329002B1193 /* XCRemoteSwiftPackageReference "Bagel" */ = {
			isa = XCRemoteSwiftPackageReference;
			repositoryURL = "https://github.com/ricobeck/Bagel";
			requirement = {
				branch = master;
				kind = branch;
			};
		};
/* End XCRemoteSwiftPackageReference section */

/* Begin XCSwiftPackageProductDependency section */
		0C2BBE0923446C660031CAF2 /* Alamofire */ = {
			isa = XCSwiftPackageProductDependency;
			package = 0C2BBE0823446C660031CAF2 /* XCRemoteSwiftPackageReference "Alamofire" */;
			productName = Alamofire;
		};
		0C2BBE0C23446CC50031CAF2 /* Kingfisher */ = {
			isa = XCSwiftPackageProductDependency;
			package = 0C2BBE0B23446CC50031CAF2 /* XCRemoteSwiftPackageReference "Kingfisher" */;
			productName = Kingfisher;
		};
		0CCADA3F2344F329002B1193 /* Bagel */ = {
			isa = XCSwiftPackageProductDependency;
			package = 0CCADA3E2344F329002B1193 /* XCRemoteSwiftPackageReference "Bagel" */;
			productName = Bagel;
		};
/* End XCSwiftPackageProductDependency section */
	};
	rootObject = 0C2BBDDB23446AAA0031CAF2 /* Project object */;
}
